
Microsoft Visual Studio Solution File, Format Version 12.00
# Visual Studio 15
VisualStudioVersion = 15.0.26430.6
MinimumVisualStudioVersion = 10.0.40219.1
Project("{FAE04EC0-301F-11D3-BF4B-00C04F79EFBC}") = "PrettySize", "PrettySize\PrettySize.csproj", "{C1CE7055-885D-43A7-A3DA-D25475CCDE99}"
EndProject
Project("{FAE04EC0-301F-11D3-BF4B-00C04F79EFBC}") = "PrettySize.Tests", "PrettySize.Tests\PrettySize.Tests.csproj", "{043F755E-F7E4-4006-8AF2-C01CE7CEBCD4}"
EndProject
Global
	GlobalSection(SolutionConfigurationPlatforms) = preSolution
		Debug|Any CPU = Debug|Any CPU
		Release|Any CPU = Release|Any CPU
	EndGlobalSection
	GlobalSection(ProjectConfigurationPlatforms) = postSolution
		{C1CE7055-885D-43A7-A3DA-D25475CCDE99}.Debug|Any CPU.ActiveCfg = Debug|Any CPU
		{C1CE7055-885D-43A7-A3DA-D25475CCDE99}.Debug|Any CPU.Build.0 = Debug|Any CPU
		{C1CE7055-885D-43A7-A3DA-D25475CCDE99}.Release|Any CPU.ActiveCfg = Release|Any CPU
		{C1CE7055-885D-43A7-A3DA-D25475CCDE99}.Release|Any CPU.Build.0 = Release|Any CPU
		{043F755E-F7E4-4006-8AF2-C01CE7CEBCD4}.Debug|Any CPU.ActiveCfg = Debug|Any CPU
		{043F755E-F7E4-4006-8AF2-C01CE7CEBCD4}.Debug|Any CPU.Build.0 = Debug|Any CPU
		{043F755E-F7E4-4006-8AF2-C01CE7CEBCD4}.Release|Any CPU.ActiveCfg = Release|Any CPU
		{043F755E-F7E4-4006-8AF2-C01CE7CEBCD4}.Release|Any CPU.Build.0 = Release|Any CPU
	EndGlobalSection
	GlobalSection(SolutionProperties) = preSolution
		HideSolutionNode = FALSE
	EndGlobalSection
EndGlobal
